// !$*UTF8*$!
{
	archiveVersion = 1;
	classes = {
	};
	objectVersion = 46;
	objects = {

/* Begin PBXBuildFile section */
		9C22C77417943E3300B1D7CE /* Foundation.framework in Frameworks */ = {isa = PBXBuildFile; fileRef = 9C22C77317943E3300B1D7CE /* Foundation.framework */; };
		9C22C77917943E3300B1D7CE /* FerryTravelAPI.h in CopyFiles */ = {isa = PBXBuildFile; fileRef = 9C22C77817943E3300B1D7CE /* FerryTravelAPI.h */; };
		9C22C77B17943E3300B1D7CE /* FerryTravelAPI.m in Sources */ = {isa = PBXBuildFile; fileRef = 9C22C77A17943E3300B1D7CE /* FerryTravelAPI.m */; };
		9C22C78217943E3300B1D7CE /* XCTest.framework in Frameworks */ = {isa = PBXBuildFile; fileRef = 9C22C78117943E3300B1D7CE /* XCTest.framework */; };
		9C22C78317943E3300B1D7CE /* Foundation.framework in Frameworks */ = {isa = PBXBuildFile; fileRef = 9C22C77317943E3300B1D7CE /* Foundation.framework */; };
		9C22C78517943E3300B1D7CE /* UIKit.framework in Frameworks */ = {isa = PBXBuildFile; fileRef = 9C22C78417943E3300B1D7CE /* UIKit.framework */; };
		9C22C78817943E3300B1D7CE /* libFerryTravelAPI.a in Frameworks */ = {isa = PBXBuildFile; fileRef = 9C22C77017943E3300B1D7CE /* libFerryTravelAPI.a */; };
		9C22C78E17943E3300B1D7CE /* InfoPlist.strings in Resources */ = {isa = PBXBuildFile; fileRef = 9C22C78C17943E3300B1D7CE /* InfoPlist.strings */; };
		9C22C7A41794446400B1D7CE /* FTOperatorTests.m in Sources */ = {isa = PBXBuildFile; fileRef = 9C22C79B1794446400B1D7CE /* FTOperatorTests.m */; };
		9C22C7A51794446400B1D7CE /* FTPortTests.m in Sources */ = {isa = PBXBuildFile; fileRef = 9C22C79D1794446400B1D7CE /* FTPortTests.m */; };
		9C22C7A61794446400B1D7CE /* FTRouteScheduleTests.m in Sources */ = {isa = PBXBuildFile; fileRef = 9C22C79F1794446400B1D7CE /* FTRouteScheduleTests.m */; };
		9C22C7A71794446400B1D7CE /* FTRouteTariffTests.m in Sources */ = {isa = PBXBuildFile; fileRef = 9C22C7A11794446400B1D7CE /* FTRouteTariffTests.m */; };
		9C22C7A81794446400B1D7CE /* FTRouteTests.m in Sources */ = {isa = PBXBuildFile; fileRef = 9C22C7A31794446400B1D7CE /* FTRouteTests.m */; };
		9C22C7AB1794456200B1D7CE /* FerryTravelAPITests.m in Sources */ = {isa = PBXBuildFile; fileRef = 9C22C7AA1794456200B1D7CE /* FerryTravelAPITests.m */; };
		9C22C7B71794460C00B1D7CE /* FTOperator.m in Sources */ = {isa = PBXBuildFile; fileRef = 9C22C7AE1794460C00B1D7CE /* FTOperator.m */; };
		9C22C7B81794460C00B1D7CE /* FTPort.m in Sources */ = {isa = PBXBuildFile; fileRef = 9C22C7B01794460C00B1D7CE /* FTPort.m */; };
		9C22C7B91794460C00B1D7CE /* FTRoute.m in Sources */ = {isa = PBXBuildFile; fileRef = 9C22C7B21794460C00B1D7CE /* FTRoute.m */; };
		9C22C7BA1794460C00B1D7CE /* FTRouteSchedule.m in Sources */ = {isa = PBXBuildFile; fileRef = 9C22C7B41794460C00B1D7CE /* FTRouteSchedule.m */; };
		9C22C7BB1794460C00B1D7CE /* FTRouteTariff.m in Sources */ = {isa = PBXBuildFile; fileRef = 9C22C7B61794460C00B1D7CE /* FTRouteTariff.m */; };
		9C22C7DB179446B500B1D7CE /* NSObject+serializeToJSON.m in Sources */ = {isa = PBXBuildFile; fileRef = 9C22C7BE179446B500B1D7CE /* NSObject+serializeToJSON.m */; };
		9C22C7DC179446B500B1D7CE /* NSString+decode64.m in Sources */ = {isa = PBXBuildFile; fileRef = 9C22C7C0179446B500B1D7CE /* NSString+decode64.m */; };
		9C22C7DE179446B500B1D7CE /* FTDateUtility.m in Sources */ = {isa = PBXBuildFile; fileRef = 9C22C7C6179446B500B1D7CE /* FTDateUtility.m */; };
		9C22C7DF179446B500B1D7CE /* FTUtility.m in Sources */ = {isa = PBXBuildFile; fileRef = 9C22C7C8179446B500B1D7CE /* FTUtility.m */; };
		9C22C7E0179446B500B1D7CE /* FTWebRequest.m in Sources */ = {isa = PBXBuildFile; fileRef = 9C22C7CA179446B500B1D7CE /* FTWebRequest.m */; };
		9C22C7E1179446B500B1D7CE /* FTXMLParser.m in Sources */ = {isa = PBXBuildFile; fileRef = 9C22C7CC179446B500B1D7CE /* FTXMLParser.m */; };
		9C22C7E2179446B500B1D7CE /* FTJSON.m in Sources */ = {isa = PBXBuildFile; fileRef = 9C22C7CF179446B500B1D7CE /* FTJSON.m */; };
		9C22C7E3179446B500B1D7CE /* FTJsonBase.m in Sources */ = {isa = PBXBuildFile; fileRef = 9C22C7D1179446B500B1D7CE /* FTJsonBase.m */; };
		9C22C7E4179446B500B1D7CE /* FTJsonParser.m in Sources */ = {isa = PBXBuildFile; fileRef = 9C22C7D3179446B500B1D7CE /* FTJsonParser.m */; };
		9C22C7E5179446B500B1D7CE /* FTJsonWriter.m in Sources */ = {isa = PBXBuildFile; fileRef = 9C22C7D5179446B500B1D7CE /* FTJsonWriter.m */; };
		9C22C7E6179446B500B1D7CE /* NSObject+FTJSON.m in Sources */ = {isa = PBXBuildFile; fileRef = 9C22C7D8179446B500B1D7CE /* NSObject+FTJSON.m */; };
		9C22C7E7179446B500B1D7CE /* NSString+FTJSON.m in Sources */ = {isa = PBXBuildFile; fileRef = 9C22C7DA179446B500B1D7CE /* NSString+FTJSON.m */; };
		9C22C7EA179448EC00B1D7CE /* FTUserDefaults.m in Sources */ = {isa = PBXBuildFile; fileRef = 9C22C7E9179448EC00B1D7CE /* FTUserDefaults.m */; };
/* End PBXBuildFile section */

/* Begin PBXContainerItemProxy section */
		9C22C78617943E3300B1D7CE /* PBXContainerItemProxy */ = {
			isa = PBXContainerItemProxy;
			containerPortal = 9C22C76817943E3300B1D7CE /* Project object */;
			proxyType = 1;
			remoteGlobalIDString = 9C22C76F17943E3300B1D7CE;
			remoteInfo = FerryTravelAPI;
		};
/* End PBXContainerItemProxy section */

/* Begin PBXCopyFilesBuildPhase section */
		9C22C76E17943E3300B1D7CE /* CopyFiles */ = {
			isa = PBXCopyFilesBuildPhase;
			buildActionMask = 2147483647;
			dstPath = "include/$(PRODUCT_NAME)";
			dstSubfolderSpec = 16;
			files = (
				9C22C77917943E3300B1D7CE /* FerryTravelAPI.h in CopyFiles */,
			);
			runOnlyForDeploymentPostprocessing = 0;
		};
/* End PBXCopyFilesBuildPhase section */

/* Begin PBXFileReference section */
		9C22C77017943E3300B1D7CE /* libFerryTravelAPI.a */ = {isa = PBXFileReference; explicitFileType = archive.ar; includeInIndex = 0; path = libFerryTravelAPI.a; sourceTree = BUILT_PRODUCTS_DIR; };
		9C22C77317943E3300B1D7CE /* Foundation.framework */ = {isa = PBXFileReference; lastKnownFileType = wrapper.framework; name = Foundation.framework; path = System/Library/Frameworks/Foundation.framework; sourceTree = SDKROOT; };
		9C22C77717943E3300B1D7CE /* FerryTravelAPI-Prefix.pch */ = {isa = PBXFileReference; lastKnownFileType = sourcecode.c.h; path = "FerryTravelAPI-Prefix.pch"; sourceTree = "<group>"; };
		9C22C77817943E3300B1D7CE /* FerryTravelAPI.h */ = {isa = PBXFileReference; lastKnownFileType = sourcecode.c.h; path = FerryTravelAPI.h; sourceTree = "<group>"; };
		9C22C77A17943E3300B1D7CE /* FerryTravelAPI.m */ = {isa = PBXFileReference; lastKnownFileType = sourcecode.c.objc; path = FerryTravelAPI.m; sourceTree = "<group>"; };
		9C22C78017943E3300B1D7CE /* FerryTravelAPITests.xctest */ = {isa = PBXFileReference; explicitFileType = wrapper.cfbundle; includeInIndex = 0; path = FerryTravelAPITests.xctest; sourceTree = BUILT_PRODUCTS_DIR; };
		9C22C78117943E3300B1D7CE /* XCTest.framework */ = {isa = PBXFileReference; lastKnownFileType = wrapper.framework; name = XCTest.framework; path = Library/Frameworks/XCTest.framework; sourceTree = DEVELOPER_DIR; };
		9C22C78417943E3300B1D7CE /* UIKit.framework */ = {isa = PBXFileReference; lastKnownFileType = wrapper.framework; name = UIKit.framework; path = Library/Frameworks/UIKit.framework; sourceTree = DEVELOPER_DIR; };
		9C22C78B17943E3300B1D7CE /* FerryTravelAPITests-Info.plist */ = {isa = PBXFileReference; lastKnownFileType = text.plist.xml; path = "FerryTravelAPITests-Info.plist"; sourceTree = "<group>"; };
		9C22C78D17943E3300B1D7CE /* en */ = {isa = PBXFileReference; lastKnownFileType = text.plist.strings; name = en; path = en.lproj/InfoPlist.strings; sourceTree = "<group>"; };
		9C22C79A1794446400B1D7CE /* FTOperatorTests.h */ = {isa = PBXFileReference; fileEncoding = 4; lastKnownFileType = sourcecode.c.h; path = FTOperatorTests.h; sourceTree = "<group>"; };
		9C22C79B1794446400B1D7CE /* FTOperatorTests.m */ = {isa = PBXFileReference; fileEncoding = 4; lastKnownFileType = sourcecode.c.objc; path = FTOperatorTests.m; sourceTree = "<group>"; };
		9C22C79C1794446400B1D7CE /* FTPortTests.h */ = {isa = PBXFileReference; fileEncoding = 4; lastKnownFileType = sourcecode.c.h; path = FTPortTests.h; sourceTree = "<group>"; };
		9C22C79D1794446400B1D7CE /* FTPortTests.m */ = {isa = PBXFileReference; fileEncoding = 4; lastKnownFileType = sourcecode.c.objc; path = FTPortTests.m; sourceTree = "<group>"; };
		9C22C79E1794446400B1D7CE /* FTRouteScheduleTests.h */ = {isa = PBXFileReference; fileEncoding = 4; lastKnownFileType = sourcecode.c.h; path = FTRouteScheduleTests.h; sourceTree = "<group>"; };
		9C22C79F1794446400B1D7CE /* FTRouteScheduleTests.m */ = {isa = PBXFileReference; fileEncoding = 4; lastKnownFileType = sourcecode.c.objc; path = FTRouteScheduleTests.m; sourceTree = "<group>"; };
		9C22C7A01794446400B1D7CE /* FTRouteTariffTests.h */ = {isa = PBXFileReference; fileEncoding = 4; lastKnownFileType = sourcecode.c.h; path = FTRouteTariffTests.h; sourceTree = "<group>"; };
		9C22C7A11794446400B1D7CE /* FTRouteTariffTests.m */ = {isa = PBXFileReference; fileEncoding = 4; lastKnownFileType = sourcecode.c.objc; path = FTRouteTariffTests.m; sourceTree = "<group>"; };
		9C22C7A21794446400B1D7CE /* FTRouteTests.h */ = {isa = PBXFileReference; fileEncoding = 4; lastKnownFileType = sourcecode.c.h; path = FTRouteTests.h; sourceTree = "<group>"; };
		9C22C7A31794446400B1D7CE /* FTRouteTests.m */ = {isa = PBXFileReference; fileEncoding = 4; lastKnownFileType = sourcecode.c.objc; path = FTRouteTests.m; sourceTree = "<group>"; };
		9C22C7A91794456200B1D7CE /* FerryTravelAPITests.h */ = {isa = PBXFileReference; fileEncoding = 4; lastKnownFileType = sourcecode.c.h; path = FerryTravelAPITests.h; sourceTree = "<group>"; };
		9C22C7AA1794456200B1D7CE /* FerryTravelAPITests.m */ = {isa = PBXFileReference; fileEncoding = 4; lastKnownFileType = sourcecode.c.objc; path = FerryTravelAPITests.m; sourceTree = "<group>"; };
		9C22C7AD1794460C00B1D7CE /* FTOperator.h */ = {isa = PBXFileReference; fileEncoding = 4; lastKnownFileType = sourcecode.c.h; path = FTOperator.h; sourceTree = "<group>"; };
		9C22C7AE1794460C00B1D7CE /* FTOperator.m */ = {isa = PBXFileReference; fileEncoding = 4; lastKnownFileType = sourcecode.c.objc; path = FTOperator.m; sourceTree = "<group>"; };
		9C22C7AF1794460C00B1D7CE /* FTPort.h */ = {isa = PBXFileReference; fileEncoding = 4; lastKnownFileType = sourcecode.c.h; path = FTPort.h; sourceTree = "<group>"; };
		9C22C7B01794460C00B1D7CE /* FTPort.m */ = {isa = PBXFileReference; fileEncoding = 4; lastKnownFileType = sourcecode.c.objc; path = FTPort.m; sourceTree = "<group>"; };
		9C22C7B11794460C00B1D7CE /* FTRoute.h */ = {isa = PBXFileReference; fileEncoding = 4; lastKnownFileType = sourcecode.c.h; path = FTRoute.h; sourceTree = "<group>"; };
		9C22C7B21794460C00B1D7CE /* FTRoute.m */ = {isa = PBXFileReference; fileEncoding = 4; lastKnownFileType = sourcecode.c.objc; path = FTRoute.m; sourceTree = "<group>"; };
		9C22C7B31794460C00B1D7CE /* FTRouteSchedule.h */ = {isa = PBXFileReference; fileEncoding = 4; lastKnownFileType = sourcecode.c.h; path = FTRouteSchedule.h; sourceTree = "<group>"; };
		9C22C7B41794460C00B1D7CE /* FTRouteSchedule.m */ = {isa = PBXFileReference; fileEncoding = 4; lastKnownFileType = sourcecode.c.objc; path = FTRouteSchedule.m; sourceTree = "<group>"; };
		9C22C7B51794460C00B1D7CE /* FTRouteTariff.h */ = {isa = PBXFileReference; fileEncoding = 4; lastKnownFileType = sourcecode.c.h; path = FTRouteTariff.h; sourceTree = "<group>"; };
		9C22C7B61794460C00B1D7CE /* FTRouteTariff.m */ = {isa = PBXFileReference; fileEncoding = 4; lastKnownFileType = sourcecode.c.objc; path = FTRouteTariff.m; sourceTree = "<group>"; };
		9C22C7BD179446B500B1D7CE /* NSObject+serializeToJSON.h */ = {isa = PBXFileReference; fileEncoding = 4; lastKnownFileType = sourcecode.c.h; path = "NSObject+serializeToJSON.h"; sourceTree = "<group>"; };
		9C22C7BE179446B500B1D7CE /* NSObject+serializeToJSON.m */ = {isa = PBXFileReference; fileEncoding = 4; lastKnownFileType = sourcecode.c.objc; path = "NSObject+serializeToJSON.m"; sourceTree = "<group>"; };
		9C22C7BF179446B500B1D7CE /* NSString+decode64.h */ = {isa = PBXFileReference; fileEncoding = 4; lastKnownFileType = sourcecode.c.h; path = "NSString+decode64.h"; sourceTree = "<group>"; };
		9C22C7C0179446B500B1D7CE /* NSString+decode64.m */ = {isa = PBXFileReference; fileEncoding = 4; lastKnownFileType = sourcecode.c.objc; path = "NSString+decode64.m"; sourceTree = "<group>"; };
		9C22C7C5179446B500B1D7CE /* FTDateUtility.h */ = {isa = PBXFileReference; fileEncoding = 4; lastKnownFileType = sourcecode.c.h; path = FTDateUtility.h; sourceTree = "<group>"; };
		9C22C7C6179446B500B1D7CE /* FTDateUtility.m */ = {isa = PBXFileReference; fileEncoding = 4; lastKnownFileType = sourcecode.c.objc; path = FTDateUtility.m; sourceTree = "<group>"; };
		9C22C7C7179446B500B1D7CE /* FTUtility.h */ = {isa = PBXFileReference; fileEncoding = 4; lastKnownFileType = sourcecode.c.h; path = FTUtility.h; sourceTree = "<group>"; };
		9C22C7C8179446B500B1D7CE /* FTUtility.m */ = {isa = PBXFileReference; fileEncoding = 4; lastKnownFileType = sourcecode.c.objc; path = FTUtility.m; sourceTree = "<group>"; };
		9C22C7C9179446B500B1D7CE /* FTWebRequest.h */ = {isa = PBXFileReference; fileEncoding = 4; lastKnownFileType = sourcecode.c.h; path = FTWebRequest.h; sourceTree = "<group>"; };
		9C22C7CA179446B500B1D7CE /* FTWebRequest.m */ = {isa = PBXFileReference; fileEncoding = 4; lastKnownFileType = sourcecode.c.objc; path = FTWebRequest.m; sourceTree = "<group>"; };
		9C22C7CB179446B500B1D7CE /* FTXMLParser.h */ = {isa = PBXFileReference; fileEncoding = 4; lastKnownFileType = sourcecode.c.h; path = FTXMLParser.h; sourceTree = "<group>"; };
		9C22C7CC179446B500B1D7CE /* FTXMLParser.m */ = {isa = PBXFileReference; fileEncoding = 4; lastKnownFileType = sourcecode.c.objc; path = FTXMLParser.m; sourceTree = "<group>"; };
		9C22C7CE179446B500B1D7CE /* FTJSON.h */ = {isa = PBXFileReference; fileEncoding = 4; lastKnownFileType = sourcecode.c.h; path = FTJSON.h; sourceTree = "<group>"; };
		9C22C7CF179446B500B1D7CE /* FTJSON.m */ = {isa = PBXFileReference; fileEncoding = 4; lastKnownFileType = sourcecode.c.objc; path = FTJSON.m; sourceTree = "<group>"; };
		9C22C7D0179446B500B1D7CE /* FTJsonBase.h */ = {isa = PBXFileReference; fileEncoding = 4; lastKnownFileType = sourcecode.c.h; path = FTJsonBase.h; sourceTree = "<group>"; };
		9C22C7D1179446B500B1D7CE /* FTJsonBase.m */ = {isa = PBXFileReference; fileEncoding = 4; lastKnownFileType = sourcecode.c.objc; path = FTJsonBase.m; sourceTree = "<group>"; };
		9C22C7D2179446B500B1D7CE /* FTJsonParser.h */ = {isa = PBXFileReference; fileEncoding = 4; lastKnownFileType = sourcecode.c.h; path = FTJsonParser.h; sourceTree = "<group>"; };
		9C22C7D3179446B500B1D7CE /* FTJsonParser.m */ = {isa = PBXFileReference; fileEncoding = 4; lastKnownFileType = sourcecode.c.objc; path = FTJsonParser.m; sourceTree = "<group>"; };
		9C22C7D4179446B500B1D7CE /* FTJsonWriter.h */ = {isa = PBXFileReference; fileEncoding = 4; lastKnownFileType = sourcecode.c.h; path = FTJsonWriter.h; sourceTree = "<group>"; };
		9C22C7D5179446B500B1D7CE /* FTJsonWriter.m */ = {isa = PBXFileReference; fileEncoding = 4; lastKnownFileType = sourcecode.c.objc; path = FTJsonWriter.m; sourceTree = "<group>"; };
		9C22C7D6179446B500B1D7CE /* JSON.h */ = {isa = PBXFileReference; fileEncoding = 4; lastKnownFileType = sourcecode.c.h; path = JSON.h; sourceTree = "<group>"; };
		9C22C7D7179446B500B1D7CE /* NSObject+FTJSON.h */ = {isa = PBXFileReference; fileEncoding = 4; lastKnownFileType = sourcecode.c.h; path = "NSObject+FTJSON.h"; sourceTree = "<group>"; };
		9C22C7D8179446B500B1D7CE /* NSObject+FTJSON.m */ = {isa = PBXFileReference; fileEncoding = 4; lastKnownFileType = sourcecode.c.objc; path = "NSObject+FTJSON.m"; sourceTree = "<group>"; };
		9C22C7D9179446B500B1D7CE /* NSString+FTJSON.h */ = {isa = PBXFileReference; fileEncoding = 4; lastKnownFileType = sourcecode.c.h; path = "NSString+FTJSON.h"; sourceTree = "<group>"; };
		9C22C7DA179446B500B1D7CE /* NSString+FTJSON.m */ = {isa = PBXFileReference; fileEncoding = 4; lastKnownFileType = sourcecode.c.objc; path = "NSString+FTJSON.m"; sourceTree = "<group>"; };
		9C22C7E8179448EC00B1D7CE /* FTUserDefaults.h */ = {isa = PBXFileReference; fileEncoding = 4; lastKnownFileType = sourcecode.c.h; path = FTUserDefaults.h; sourceTree = "<group>"; };
		9C22C7E9179448EC00B1D7CE /* FTUserDefaults.m */ = {isa = PBXFileReference; fileEncoding = 4; lastKnownFileType = sourcecode.c.objc; path = FTUserDefaults.m; sourceTree = "<group>"; };
/* End PBXFileReference section */

/* Begin PBXFrameworksBuildPhase section */
		9C22C76D17943E3300B1D7CE /* Frameworks */ = {
			isa = PBXFrameworksBuildPhase;
			buildActionMask = 2147483647;
			files = (
				9C22C77417943E3300B1D7CE /* Foundation.framework in Frameworks */,
			);
			runOnlyForDeploymentPostprocessing = 0;
		};
		9C22C77D17943E3300B1D7CE /* Frameworks */ = {
			isa = PBXFrameworksBuildPhase;
			buildActionMask = 2147483647;
			files = (
				9C22C78217943E3300B1D7CE /* XCTest.framework in Frameworks */,
				9C22C78817943E3300B1D7CE /* libFerryTravelAPI.a in Frameworks */,
				9C22C78517943E3300B1D7CE /* UIKit.framework in Frameworks */,
				9C22C78317943E3300B1D7CE /* Foundation.framework in Frameworks */,
			);
			runOnlyForDeploymentPostprocessing = 0;
		};
/* End PBXFrameworksBuildPhase section */

/* Begin PBXGroup section */
		9C22C76717943E3300B1D7CE = {
			isa = PBXGroup;
			children = (
				9C22C77517943E3300B1D7CE /* FerryTravelAPI */,
				9C22C78917943E3300B1D7CE /* FerryTravelAPITests */,
				9C22C77217943E3300B1D7CE /* Frameworks */,
				9C22C77117943E3300B1D7CE /* Products */,
			);
			sourceTree = "<group>";
		};
		9C22C77117943E3300B1D7CE /* Products */ = {
			isa = PBXGroup;
			children = (
				9C22C77017943E3300B1D7CE /* libFerryTravelAPI.a */,
				9C22C78017943E3300B1D7CE /* FerryTravelAPITests.xctest */,
			);
			name = Products;
			sourceTree = "<group>";
		};
		9C22C77217943E3300B1D7CE /* Frameworks */ = {
			isa = PBXGroup;
			children = (
				9C22C77317943E3300B1D7CE /* Foundation.framework */,
				9C22C78117943E3300B1D7CE /* XCTest.framework */,
				9C22C78417943E3300B1D7CE /* UIKit.framework */,
			);
			name = Frameworks;
			sourceTree = "<group>";
		};
		9C22C77517943E3300B1D7CE /* FerryTravelAPI */ = {
			isa = PBXGroup;
			children = (
				9C22C7BC179446B500B1D7CE /* Categories */,
				9C22C7C4179446B500B1D7CE /* Shared */,
				9C22C7AC1794460C00B1D7CE /* Entity */,
				9C22C77817943E3300B1D7CE /* FerryTravelAPI.h */,
				9C22C77A17943E3300B1D7CE /* FerryTravelAPI.m */,
				9C22C77617943E3300B1D7CE /* Supporting Files */,
			);
			path = FerryTravelAPI;
			sourceTree = "<group>";
		};
		9C22C77617943E3300B1D7CE /* Supporting Files */ = {
			isa = PBXGroup;
			children = (
				9C22C77717943E3300B1D7CE /* FerryTravelAPI-Prefix.pch */,
			);
			name = "Supporting Files";
			sourceTree = "<group>";
		};
		9C22C78917943E3300B1D7CE /* FerryTravelAPITests */ = {
			isa = PBXGroup;
			children = (
				9C22C79A1794446400B1D7CE /* FTOperatorTests.h */,
				9C22C79B1794446400B1D7CE /* FTOperatorTests.m */,
				9C22C79C1794446400B1D7CE /* FTPortTests.h */,
				9C22C79D1794446400B1D7CE /* FTPortTests.m */,
				9C22C79E1794446400B1D7CE /* FTRouteScheduleTests.h */,
				9C22C79F1794446400B1D7CE /* FTRouteScheduleTests.m */,
				9C22C7A01794446400B1D7CE /* FTRouteTariffTests.h */,
				9C22C7A11794446400B1D7CE /* FTRouteTariffTests.m */,
				9C22C7A21794446400B1D7CE /* FTRouteTests.h */,
				9C22C7A31794446400B1D7CE /* FTRouteTests.m */,
				9C22C78A17943E3300B1D7CE /* Supporting Files */,
				9C22C7A91794456200B1D7CE /* FerryTravelAPITests.h */,
				9C22C7AA1794456200B1D7CE /* FerryTravelAPITests.m */,
			);
			path = FerryTravelAPITests;
			sourceTree = "<group>";
		};
		9C22C78A17943E3300B1D7CE /* Supporting Files */ = {
			isa = PBXGroup;
			children = (
				9C22C78B17943E3300B1D7CE /* FerryTravelAPITests-Info.plist */,
				9C22C78C17943E3300B1D7CE /* InfoPlist.strings */,
			);
			name = "Supporting Files";
			sourceTree = "<group>";
		};
		9C22C7AC1794460C00B1D7CE /* Entity */ = {
			isa = PBXGroup;
			children = (
				9C22C7AD1794460C00B1D7CE /* FTOperator.h */,
				9C22C7AE1794460C00B1D7CE /* FTOperator.m */,
				9C22C7AF1794460C00B1D7CE /* FTPort.h */,
				9C22C7B01794460C00B1D7CE /* FTPort.m */,
				9C22C7B11794460C00B1D7CE /* FTRoute.h */,
				9C22C7B21794460C00B1D7CE /* FTRoute.m */,
				9C22C7B31794460C00B1D7CE /* FTRouteSchedule.h */,
				9C22C7B41794460C00B1D7CE /* FTRouteSchedule.m */,
				9C22C7B51794460C00B1D7CE /* FTRouteTariff.h */,
				9C22C7B61794460C00B1D7CE /* FTRouteTariff.m */,
			);
			path = Entity;
			sourceTree = "<group>";
		};
		9C22C7BC179446B500B1D7CE /* Categories */ = {
			isa = PBXGroup;
			children = (
				9C22C7BD179446B500B1D7CE /* NSObject+serializeToJSON.h */,
				9C22C7BE179446B500B1D7CE /* NSObject+serializeToJSON.m */,
				9C22C7BF179446B500B1D7CE /* NSString+decode64.h */,
				9C22C7C0179446B500B1D7CE /* NSString+decode64.m */,
			);
			path = Categories;
			sourceTree = "<group>";
		};
		9C22C7C4179446B500B1D7CE /* Shared */ = {
			isa = PBXGroup;
			children = (
				9C22C7C5179446B500B1D7CE /* FTDateUtility.h */,
				9C22C7C6179446B500B1D7CE /* FTDateUtility.m */,
				9C22C7C7179446B500B1D7CE /* FTUtility.h */,
				9C22C7C8179446B500B1D7CE /* FTUtility.m */,
				9C22C7C9179446B500B1D7CE /* FTWebRequest.h */,
				9C22C7CA179446B500B1D7CE /* FTWebRequest.m */,
				9C22C7CB179446B500B1D7CE /* FTXMLParser.h */,
				9C22C7CC179446B500B1D7CE /* FTXMLParser.m */,
				9C22C7CD179446B500B1D7CE /* SBJSON */,
				9C22C7E8179448EC00B1D7CE /* FTUserDefaults.h */,
				9C22C7E9179448EC00B1D7CE /* FTUserDefaults.m */,
			);
			path = Shared;
			sourceTree = "<group>";
		};
		9C22C7CD179446B500B1D7CE /* SBJSON */ = {
			isa = PBXGroup;
			children = (
				9C22C7CE179446B500B1D7CE /* FTJSON.h */,
				9C22C7CF179446B500B1D7CE /* FTJSON.m */,
				9C22C7D0179446B500B1D7CE /* FTJsonBase.h */,
				9C22C7D1179446B500B1D7CE /* FTJsonBase.m */,
				9C22C7D2179446B500B1D7CE /* FTJsonParser.h */,
				9C22C7D3179446B500B1D7CE /* FTJsonParser.m */,
				9C22C7D4179446B500B1D7CE /* FTJsonWriter.h */,
				9C22C7D5179446B500B1D7CE /* FTJsonWriter.m */,
				9C22C7D6179446B500B1D7CE /* JSON.h */,
				9C22C7D7179446B500B1D7CE /* NSObject+FTJSON.h */,
				9C22C7D8179446B500B1D7CE /* NSObject+FTJSON.m */,
				9C22C7D9179446B500B1D7CE /* NSString+FTJSON.h */,
				9C22C7DA179446B500B1D7CE /* NSString+FTJSON.m */,
			);
			path = SBJSON;
			sourceTree = "<group>";
		};
/* End PBXGroup section */

/* Begin PBXNativeTarget section */
		9C22C76F17943E3300B1D7CE /* FerryTravelAPI */ = {
			isa = PBXNativeTarget;
			buildConfigurationList = 9C22C79317943E3300B1D7CE /* Build configuration list for PBXNativeTarget "FerryTravelAPI" */;
			buildPhases = (
				9C22C76C17943E3300B1D7CE /* Sources */,
				9C22C76D17943E3300B1D7CE /* Frameworks */,
				9C22C76E17943E3300B1D7CE /* CopyFiles */,
			);
			buildRules = (
			);
			dependencies = (
			);
			name = FerryTravelAPI;
			productName = FerryTravelAPI;
			productReference = 9C22C77017943E3300B1D7CE /* libFerryTravelAPI.a */;
			productType = "com.apple.product-type.library.static";
		};
		9C22C77F17943E3300B1D7CE /* FerryTravelAPITests */ = {
			isa = PBXNativeTarget;
			buildConfigurationList = 9C22C79617943E3300B1D7CE /* Build configuration list for PBXNativeTarget "FerryTravelAPITests" */;
			buildPhases = (
				9C22C77C17943E3300B1D7CE /* Sources */,
				9C22C77D17943E3300B1D7CE /* Frameworks */,
				9C22C77E17943E3300B1D7CE /* Resources */,
			);
			buildRules = (
			);
			dependencies = (
				9C22C78717943E3300B1D7CE /* PBXTargetDependency */,
			);
			name = FerryTravelAPITests;
			productName = FerryTravelAPITests;
			productReference = 9C22C78017943E3300B1D7CE /* FerryTravelAPITests.xctest */;
			productType = "com.apple.product-type.bundle.unit-test";
		};
/* End PBXNativeTarget section */

/* Begin PBXProject section */
		9C22C76817943E3300B1D7CE /* Project object */ = {
			isa = PBXProject;
			attributes = {
				LastUpgradeCheck = 0500;
				ORGANIZATIONNAME = "52projects, INC";
			};
			buildConfigurationList = 9C22C76B17943E3300B1D7CE /* Build configuration list for PBXProject "FerryTravelAPI" */;
			compatibilityVersion = "Xcode 3.2";
			developmentRegion = English;
			hasScannedForEncodings = 0;
			knownRegions = (
				en,
			);
			mainGroup = 9C22C76717943E3300B1D7CE;
			productRefGroup = 9C22C77117943E3300B1D7CE /* Products */;
			projectDirPath = "";
			projectRoot = "";
			targets = (
				9C22C76F17943E3300B1D7CE /* FerryTravelAPI */,
				9C22C77F17943E3300B1D7CE /* FerryTravelAPITests */,
			);
		};
/* End PBXProject section */

/* Begin PBXResourcesBuildPhase section */
		9C22C77E17943E3300B1D7CE /* Resources */ = {
			isa = PBXResourcesBuildPhase;
			buildActionMask = 2147483647;
			files = (
				9C22C78E17943E3300B1D7CE /* InfoPlist.strings in Resources */,
			);
			runOnlyForDeploymentPostprocessing = 0;
		};
/* End PBXResourcesBuildPhase section */

/* Begin PBXSourcesBuildPhase section */
		9C22C76C17943E3300B1D7CE /* Sources */ = {
			isa = PBXSourcesBuildPhase;
			buildActionMask = 2147483647;
			files = (
				9C22C7B81794460C00B1D7CE /* FTPort.m in Sources */,
				9C22C7B91794460C00B1D7CE /* FTRoute.m in Sources */,
				9C22C7EA179448EC00B1D7CE /* FTUserDefaults.m in Sources */,
				9C22C7DB179446B500B1D7CE /* NSObject+serializeToJSON.m in Sources */,
				9C22C77B17943E3300B1D7CE /* FerryTravelAPI.m in Sources */,
				9C22C7B71794460C00B1D7CE /* FTOperator.m in Sources */,
				9C22C7DF179446B500B1D7CE /* FTUtility.m in Sources */,
				9C22C7E4179446B500B1D7CE /* FTJsonParser.m in Sources */,
				9C22C7E6179446B500B1D7CE /* NSObject+FTJSON.m in Sources */,
				9C22C7E0179446B500B1D7CE /* FTWebRequest.m in Sources */,
				9C22C7E1179446B500B1D7CE /* FTXMLParser.m in Sources */,
				9C22C7E2179446B500B1D7CE /* FTJSON.m in Sources */,
				9C22C7BA1794460C00B1D7CE /* FTRouteSchedule.m in Sources */,
				9C22C7E3179446B500B1D7CE /* FTJsonBase.m in Sources */,
				9C22C7BB1794460C00B1D7CE /* FTRouteTariff.m in Sources */,
				9C22C7DE179446B500B1D7CE /* FTDateUtility.m in Sources */,
				9C22C7E7179446B500B1D7CE /* NSString+FTJSON.m in Sources */,
				9C22C7DC179446B500B1D7CE /* NSString+decode64.m in Sources */,
				9C22C7E5179446B500B1D7CE /* FTJsonWriter.m in Sources */,
			);
			runOnlyForDeploymentPostprocessing = 0;
		};
		9C22C77C17943E3300B1D7CE /* Sources */ = {
			isa = PBXSourcesBuildPhase;
			buildActionMask = 2147483647;
			files = (
				9C22C7A71794446400B1D7CE /* FTRouteTariffTests.m in Sources */,
				9C22C7AB1794456200B1D7CE /* FerryTravelAPITests.m in Sources */,
				9C22C7A51794446400B1D7CE /* FTPortTests.m in Sources */,
				9C22C7A81794446400B1D7CE /* FTRouteTests.m in Sources */,
				9C22C7A61794446400B1D7CE /* FTRouteScheduleTests.m in Sources */,
				9C22C7A41794446400B1D7CE /* FTOperatorTests.m in Sources */,
			);
			runOnlyForDeploymentPostprocessing = 0;
		};
/* End PBXSourcesBuildPhase section */

/* Begin PBXTargetDependency section */
		9C22C78717943E3300B1D7CE /* PBXTargetDependency */ = {
			isa = PBXTargetDependency;
			target = 9C22C76F17943E3300B1D7CE /* FerryTravelAPI */;
			targetProxy = 9C22C78617943E3300B1D7CE /* PBXContainerItemProxy */;
		};
/* End PBXTargetDependency section */

/* Begin PBXVariantGroup section */
		9C22C78C17943E3300B1D7CE /* InfoPlist.strings */ = {
			isa = PBXVariantGroup;
			children = (
				9C22C78D17943E3300B1D7CE /* en */,
			);
			name = InfoPlist.strings;
			sourceTree = "<group>";
		};
/* End PBXVariantGroup section */

/* Begin XCBuildConfiguration section */
		9C22C79117943E3300B1D7CE /* Debug */ = {
			isa = XCBuildConfiguration;
			buildSettings = {
				ALWAYS_SEARCH_USER_PATHS = NO;
				CLANG_CXX_LANGUAGE_STANDARD = "gnu++0x";
				CLANG_CXX_LIBRARY = "libc++";
				CLANG_ENABLE_MODULES = YES;
				CLANG_ENABLE_OBJC_ARC = YES;
				CLANG_WARN_BOOL_CONVERSION = YES;
				CLANG_WARN_CONSTANT_CONVERSION = YES;
				CLANG_WARN_DIRECT_OBJC_ISA_USAGE = YES_ERROR;
				CLANG_WARN_EMPTY_BODY = YES;
				CLANG_WARN_ENUM_CONVERSION = YES;
				CLANG_WARN_INT_CONVERSION = YES;
				CLANG_WARN_OBJC_ROOT_CLASS = YES_ERROR;
				CLANG_WARN__DUPLICATE_METHOD_MATCH = YES;
				COPY_PHASE_STRIP = NO;
				GCC_C_LANGUAGE_STANDARD = gnu99;
				GCC_DYNAMIC_NO_PIC = NO;
				GCC_OPTIMIZATION_LEVEL = 0;
				GCC_PREPROCESSOR_DEFINITIONS = (
					"DEBUG=1",
					"$(inherited)",
				);
				GCC_SYMBOLS_PRIVATE_EXTERN = NO;
				GCC_WARN_ABOUT_RETURN_TYPE = YES_ERROR;
				GCC_WARN_UNDECLARED_SELECTOR = YES;
				GCC_WARN_UNINITIALIZED_AUTOS = YES;
				GCC_WARN_UNUSED_FUNCTION = YES;
				GCC_WARN_UNUSED_VARIABLE = YES;
				IPHONEOS_DEPLOYMENT_TARGET = 6.1;
				ONLY_ACTIVE_ARCH = YES;
				SDKROOT = iphoneos;
			};
			name = Debug;
		};
		9C22C79217943E3300B1D7CE /* Release */ = {
			isa = XCBuildConfiguration;
			buildSettings = {
				ALWAYS_SEARCH_USER_PATHS = NO;
				CLANG_CXX_LANGUAGE_STANDARD = "gnu++0x";
				CLANG_CXX_LIBRARY = "libc++";
				CLANG_ENABLE_MODULES = YES;
				CLANG_ENABLE_OBJC_ARC = YES;
				CLANG_WARN_BOOL_CONVERSION = YES;
				CLANG_WARN_CONSTANT_CONVERSION = YES;
				CLANG_WARN_DIRECT_OBJC_ISA_USAGE = YES_ERROR;
				CLANG_WARN_EMPTY_BODY = YES;
				CLANG_WARN_ENUM_CONVERSION = YES;
				CLANG_WARN_INT_CONVERSION = YES;
				CLANG_WARN_OBJC_ROOT_CLASS = YES_ERROR;
				CLANG_WARN__DUPLICATE_METHOD_MATCH = YES;
				COPY_PHASE_STRIP = YES;
				ENABLE_NS_ASSERTIONS = NO;
				GCC_C_LANGUAGE_STANDARD = gnu99;
				GCC_WARN_ABOUT_RETURN_TYPE = YES_ERROR;
				GCC_WARN_UNDECLARED_SELECTOR = YES;
				GCC_WARN_UNINITIALIZED_AUTOS = YES;
				GCC_WARN_UNUSED_FUNCTION = YES;
				GCC_WARN_UNUSED_VARIABLE = YES;
				IPHONEOS_DEPLOYMENT_TARGET = 6.1;
				SDKROOT = iphoneos;
				VALIDATE_PRODUCT = YES;
			};
			name = Release;
		};
		9C22C79417943E3300B1D7CE /* Debug */ = {
			isa = XCBuildConfiguration;
			buildSettings = {
				DSTROOT = /tmp/FerryTravelAPI.dst;
				GCC_PRECOMPILE_PREFIX_HEADER = YES;
				GCC_PREFIX_HEADER = "FerryTravelAPI/FerryTravelAPI-Prefix.pch";
				OTHER_LDFLAGS = "-ObjC";
				PRODUCT_NAME = "$(TARGET_NAME)";
				SKIP_INSTALL = YES;
			};
			name = Debug;
		};
		9C22C79517943E3300B1D7CE /* Release */ = {
			isa = XCBuildConfiguration;
			buildSettings = {
				DSTROOT = /tmp/FerryTravelAPI.dst;
				GCC_PRECOMPILE_PREFIX_HEADER = YES;
				GCC_PREFIX_HEADER = "FerryTravelAPI/FerryTravelAPI-Prefix.pch";
				OTHER_LDFLAGS = "-ObjC";
				PRODUCT_NAME = "$(TARGET_NAME)";
				SKIP_INSTALL = YES;
			};
			name = Release;
		};
		9C22C79717943E3300B1D7CE /* Debug */ = {
			isa = XCBuildConfiguration;
			buildSettings = {
				FRAMEWORK_SEARCH_PATHS = (
					"$(SDKROOT)/Developer/Library/Frameworks",
					"$(inherited)",
					"$(SYSTEM_APPS_DIR)/Xcode5-DP3.app/Contents/Developer/Library/Frameworks",
				);
				GCC_PRECOMPILE_PREFIX_HEADER = YES;
				GCC_PREFIX_HEADER = "FerryTravelAPI/FerryTravelAPI-Prefix.pch";
				GCC_PREPROCESSOR_DEFINITIONS = (
					"DEBUG=1",
					"$(inherited)",
				);
				INFOPLIST_FILE = "FerryTravelAPITests/FerryTravelAPITests-Info.plist";
				PRODUCT_NAME = "$(TARGET_NAME)";
				WRAPPER_EXTENSION = xctest;
			};
			name = Debug;
		};
		9C22C79817943E3300B1D7CE /* Release */ = {
			isa = XCBuildConfiguration;
			buildSettings = {
				FRAMEWORK_SEARCH_PATHS = (
					"$(SDKROOT)/Developer/Library/Frameworks",
					"$(inherited)",
					"$(SYSTEM_APPS_DIR)/Xcode5-DP3.app/Contents/Developer/Library/Frameworks",
				);
				GCC_PRECOMPILE_PREFIX_HEADER = YES;
				GCC_PREFIX_HEADER = "FerryTravelAPI/FerryTravelAPI-Prefix.pch";
				INFOPLIST_FILE = "FerryTravelAPITests/FerryTravelAPITests-Info.plist";
				PRODUCT_NAME = "$(TARGET_NAME)";
				WRAPPER_EXTENSION = xctest;
			};
			name = Release;
		};
/* End XCBuildConfiguration section */

/* Begin XCConfigurationList section */
		9C22C76B17943E3300B1D7CE /* Build configuration list for PBXProject "FerryTravelAPI" */ = {
			isa = XCConfigurationList;
			buildConfigurations = (
				9C22C79117943E3300B1D7CE /* Debug */,
				9C22C79217943E3300B1D7CE /* Release */,
			);
			defaultConfigurationIsVisible = 0;
			defaultConfigurationName = Release;
		};
		9C22C79317943E3300B1D7CE /* Build configuration list for PBXNativeTarget "FerryTravelAPI" */ = {
			isa = XCConfigurationList;
			buildConfigurations = (
				9C22C79417943E3300B1D7CE /* Debug */,
				9C22C79517943E3300B1D7CE /* Release */,
			);
			defaultConfigurationIsVisible = 0;
			defaultConfigurationName = Release;
		};
		9C22C79617943E3300B1D7CE /* Build configuration list for PBXNativeTarget "FerryTravelAPITests" */ = {
			isa = XCConfigurationList;
			buildConfigurations = (
				9C22C79717943E3300B1D7CE /* Debug */,
				9C22C79817943E3300B1D7CE /* Release */,
			);
			defaultConfigurationIsVisible = 0;
			defaultConfigurationName = Release;
		};
/* End XCConfigurationList section */
	};
	rootObject = 9C22C76817943E3300B1D7CE /* Project object */;
}
